
Microsoft Visual Studio Solution File, Format Version 12.00
# Visual Studio Version 17
VisualStudioVersion = 17.0.32126.317
MinimumVisualStudioVersion = 10.0.40219.1
Project("{FAE04EC0-301F-11D3-BF4B-00C04F79EFBC}") = "EmuDev", "EmuDev\EmuDev.csproj", "{E0B64308-0F6C-4212-A685-542D389F9319}"
EndProject
Project("{FAE04EC0-301F-11D3-BF4B-00C04F79EFBC}") = "EmuDev.Common", "EmuDev.Common\EmuDev.Common.csproj", "{D91C378B-D67F-4341-9EE1-C9F9E56F0A69}"
EndProject
Project("{FAE04EC0-301F-11D3-BF4B-00C04F79EFBC}") = "EnuDev.Common.Tests", "EnuDev.Common.Tests\EnuDev.Common.Tests.csproj", "{E7FF09ED-CDAB-4655-9B2D-236023650533}"
EndProject
Project("{FAE04EC0-301F-11D3-BF4B-00C04F79EFBC}") = "EmuDev.Chip8", "EmuDev.Chip8\EmuDev.Chip8.csproj", "{2F86E842-9723-4539-B49C-5243152FFFAF}"
EndProject
Project("{FAE04EC0-301F-11D3-BF4B-00C04F79EFBC}") = "EmuDev.Chip8.Disassembler", "EmuDev.Chip8.Disassembler\EmuDev.Chip8.Disassembler.csproj", "{F18FE973-8A6A-435C-B7E3-5E468D1F5D53}"
EndProject
Global
	GlobalSection(SolutionConfigurationPlatforms) = preSolution
		Debug|Any CPU = Debug|Any CPU
		Release|Any CPU = Release|Any CPU
	EndGlobalSection
	GlobalSection(ProjectConfigurationPlatforms) = postSolution
		{E0B64308-0F6C-4212-A685-542D389F9319}.Debug|Any CPU.ActiveCfg = Debug|Any CPU
		{E0B64308-0F6C-4212-A685-542D389F9319}.Debug|Any CPU.Build.0 = Debug|Any CPU
		{E0B64308-0F6C-4212-A685-542D389F9319}.Release|Any CPU.ActiveCfg = Release|Any CPU
		{E0B64308-0F6C-4212-A685-542D389F9319}.Release|Any CPU.Build.0 = Release|Any CPU
		{D91C378B-D67F-4341-9EE1-C9F9E56F0A69}.Debug|Any CPU.ActiveCfg = Debug|Any CPU
		{D91C378B-D67F-4341-9EE1-C9F9E56F0A69}.Debug|Any CPU.Build.0 = Debug|Any CPU
		{D91C378B-D67F-4341-9EE1-C9F9E56F0A69}.Release|Any CPU.ActiveCfg = Release|Any CPU
		{D91C378B-D67F-4341-9EE1-C9F9E56F0A69}.Release|Any CPU.Build.0 = Release|Any CPU
		{E7FF09ED-CDAB-4655-9B2D-236023650533}.Debug|Any CPU.ActiveCfg = Debug|Any CPU
		{E7FF09ED-CDAB-4655-9B2D-236023650533}.Debug|Any CPU.Build.0 = Debug|Any CPU
		{E7FF09ED-CDAB-4655-9B2D-236023650533}.Release|Any CPU.ActiveCfg = Release|Any CPU
		{E7FF09ED-CDAB-4655-9B2D-236023650533}.Release|Any CPU.Build.0 = Release|Any CPU
		{2F86E842-9723-4539-B49C-5243152FFFAF}.Debug|Any CPU.ActiveCfg = Debug|Any CPU
		{2F86E842-9723-4539-B49C-5243152FFFAF}.Debug|Any CPU.Build.0 = Debug|Any CPU
		{2F86E842-9723-4539-B49C-5243152FFFAF}.Release|Any CPU.ActiveCfg = Release|Any CPU
		{2F86E842-9723-4539-B49C-5243152FFFAF}.Release|Any CPU.Build.0 = Release|Any CPU
		{F18FE973-8A6A-435C-B7E3-5E468D1F5D53}.Debug|Any CPU.ActiveCfg = Debug|Any CPU
		{F18FE973-8A6A-435C-B7E3-5E468D1F5D53}.Debug|Any CPU.Build.0 = Debug|Any CPU
		{F18FE973-8A6A-435C-B7E3-5E468D1F5D53}.Release|Any CPU.ActiveCfg = Release|Any CPU
		{F18FE973-8A6A-435C-B7E3-5E468D1F5D53}.Release|Any CPU.Build.0 = Release|Any CPU
	EndGlobalSection
	GlobalSection(SolutionProperties) = preSolution
		HideSolutionNode = FALSE
	EndGlobalSection
	GlobalSection(ExtensibilityGlobals) = postSolution
		SolutionGuid = {A5AAB708-B4D6-461D-9FBE-AC6E46E780CA}
	EndGlobalSection
EndGlobal
